
Microsoft Visual Studio Solution File, Format Version 12.00
# Visual Studio Version 16
VisualStudioVersion = 16.0.29318.209
MinimumVisualStudioVersion = 10.0.40219.1
Project("{FAE04EC0-301F-11D3-BF4B-00C04F79EFBC}") = "CSharpExercises", "CSharpExercises\CSharpExercises.csproj", "{ABC3E6EA-582C-4FF1-AA4C-480B20999348}"
EndProject
Project("{FAE04EC0-301F-11D3-BF4B-00C04F79EFBC}") = "CSharpExercises.Tests", "CSharpExercises.Tests\CSharpExercises.Tests.csproj", "{6C86CD11-FD28-4F9A-92DC-C626A801AF37}"
EndProject
Global
	GlobalSection(SolutionConfigurationPlatforms) = preSolution
		Debug|Any CPU = Debug|Any CPU
		Release|Any CPU = Release|Any CPU
	EndGlobalSection
	GlobalSection(ProjectConfigurationPlatforms) = postSolution
		{ABC3E6EA-582C-4FF1-AA4C-480B20999348}.Debug|Any CPU.ActiveCfg = Debug|Any CPU
		{ABC3E6EA-582C-4FF1-AA4C-480B20999348}.Debug|Any CPU.Build.0 = Debug|Any CPU
		{ABC3E6EA-582C-4FF1-AA4C-480B20999348}.Release|Any CPU.ActiveCfg = Release|Any CPU
		{ABC3E6EA-582C-4FF1-AA4C-480B20999348}.Release|Any CPU.Build.0 = Release|Any CPU
		{6C86CD11-FD28-4F9A-92DC-C626A801AF37}.Debug|Any CPU.ActiveCfg = Debug|Any CPU
		{6C86CD11-FD28-4F9A-92DC-C626A801AF37}.Debug|Any CPU.Build.0 = Debug|Any CPU
		{6C86CD11-FD28-4F9A-92DC-C626A801AF37}.Release|Any CPU.ActiveCfg = Release|Any CPU
		{6C86CD11-FD28-4F9A-92DC-C626A801AF37}.Release|Any CPU.Build.0 = Release|Any CPU
	EndGlobalSection
	GlobalSection(SolutionProperties) = preSolution
		HideSolutionNode = FALSE
	EndGlobalSection
	GlobalSection(ExtensibilityGlobals) = postSolution
		SolutionGuid = {40376567-C6C3-46A7-B13D-64E77846CA6C}
	EndGlobalSection
EndGlobal
